
Microsoft Visual Studio Solution File, Format Version 12.00
# Visual Studio Version 16
VisualStudioVersion = 16.0.33130.400
MinimumVisualStudioVersion = 10.0.40219.1
Project("{8BC9CEB8-8B4A-11D0-8D11-00A0C91BC942}") = "Battleship - C", "Battleship - C\Battleship - C.vcxproj", "{5203E911-67C2-4193-828C-16F48EFE8097}"
EndProject
Global
	GlobalSection(SolutionConfigurationPlatforms) = preSolution
		Debug|x64 = Debug|x64
		Debug|x86 = Debug|x86
		Release|x64 = Release|x64
		Release|x86 = Release|x86
	EndGlobalSection
	GlobalSection(ProjectConfigurationPlatforms) = postSolution
		{5203E911-67C2-4193-828C-16F48EFE8097}.Debug|x64.ActiveCfg = Debug|x64
		{5203E911-67C2-4193-828C-16F48EFE8097}.Debug|x64.Build.0 = Debug|x64
		{5203E911-67C2-4193-828C-16F48EFE8097}.Debug|x86.ActiveCfg = Debug|Win32
		{5203E911-67C2-4193-828C-16F48EFE8097}.Debug|x86.Build.0 = Debug|Win32
		{5203E911-67C2-4193-828C-16F48EFE8097}.Release|x64.ActiveCfg = Release|x64
		{5203E911-67C2-4193-828C-16F48EFE8097}.Release|x64.Build.0 = Release|x64
		{5203E911-67C2-4193-828C-16F48EFE8097}.Release|x86.ActiveCfg = Release|Win32
		{5203E911-67C2-4193-828C-16F48EFE8097}.Release|x86.Build.0 = Release|Win32
	EndGlobalSection
	GlobalSection(SolutionProperties) = preSolution
		HideSolutionNode = FALSE
	EndGlobalSection
	GlobalSection(ExtensibilityGlobals) = postSolution
		SolutionGuid = {7DDE4C0F-125C-4B23-8E06-34112D1B1822}
	EndGlobalSection
EndGlobal
